
Microsoft Visual Studio Solution File, Format Version 12.00
# Visual Studio Version 17
VisualStudioVersion = 17.9.34723.18
MinimumVisualStudioVersion = 10.0.40219.1
Project("{9A19103F-16F7-4668-BE54-9A1E7A4F7556}") = "Quiz.Api", "Quiz.Api\Quiz.Api.csproj", "{EBD9FFED-5F21-4F17-BC30-22F66E3995BB}"
EndProject
Global
	GlobalSection(SolutionConfigurationPlatforms) = preSolution
		Debug|Any CPU = Debug|Any CPU
		Release|Any CPU = Release|Any CPU
	EndGlobalSection
	GlobalSection(ProjectConfigurationPlatforms) = postSolution
		{EBD9FFED-5F21-4F17-BC30-22F66E3995BB}.Debug|Any CPU.ActiveCfg = Debug|Any CPU
		{EBD9FFED-5F21-4F17-BC30-22F66E3995BB}.Debug|Any CPU.Build.0 = Debug|Any CPU
		{EBD9FFED-5F21-4F17-BC30-22F66E3995BB}.Release|Any CPU.ActiveCfg = Release|Any CPU
		{EBD9FFED-5F21-4F17-BC30-22F66E3995BB}.Release|Any CPU.Build.0 = Release|Any CPU
	EndGlobalSection
	GlobalSection(SolutionProperties) = preSolution
		HideSolutionNode = FALSE
	EndGlobalSection
	GlobalSection(ExtensibilityGlobals) = postSolution
		SolutionGuid = {0B263F58-D813-41EE-B27B-CCE27CBDF93D}
	EndGlobalSection
EndGlobal
